// !$*UTF8*$!
{
	archiveVersion = 1;
	classes = {
	};
	objectVersion = 50;
	objects = {

/* Begin PBXBuildFile section */
		B3856F192593D24500595D36 /* Tests_iOS.swift in Sources */ = {isa = PBXBuildFile; fileRef = B3856F182593D24500595D36 /* Tests_iOS.swift */; };
		B3856F242593D24500595D36 /* Tests_macOS.swift in Sources */ = {isa = PBXBuildFile; fileRef = B3856F232593D24500595D36 /* Tests_macOS.swift */; };
		B3856F262593D24500595D36 /* InstagramCloneApp.swift in Sources */ = {isa = PBXBuildFile; fileRef = B3856EFD2593D24100595D36 /* InstagramCloneApp.swift */; };
		B3856F272593D24500595D36 /* InstagramCloneApp.swift in Sources */ = {isa = PBXBuildFile; fileRef = B3856EFD2593D24100595D36 /* InstagramCloneApp.swift */; };
		B3856F282593D24500595D36 /* ContentView.swift in Sources */ = {isa = PBXBuildFile; fileRef = B3856EFE2593D24100595D36 /* ContentView.swift */; };
		B3856F292593D24500595D36 /* ContentView.swift in Sources */ = {isa = PBXBuildFile; fileRef = B3856EFE2593D24100595D36 /* ContentView.swift */; };
		B3856F2A2593D24500595D36 /* Assets.xcassets in Resources */ = {isa = PBXBuildFile; fileRef = B3856EFF2593D24400595D36 /* Assets.xcassets */; };
		B3856F2B2593D24500595D36 /* Assets.xcassets in Resources */ = {isa = PBXBuildFile; fileRef = B3856EFF2593D24400595D36 /* Assets.xcassets */; };
		B3856F3F2593D26E00595D36 /* AppDelegate.swift in Sources */ = {isa = PBXBuildFile; fileRef = B3856F3E2593D26E00595D36 /* AppDelegate.swift */; };
		B3856F452593D27400595D36 /* Assets.xcassets in Resources */ = {isa = PBXBuildFile; fileRef = B3856F442593D27400595D36 /* Assets.xcassets */; };
		B3856F522593D27E00595D36 /* SceneDelegate.swift in Sources */ = {isa = PBXBuildFile; fileRef = B3856F4A2593D27D00595D36 /* SceneDelegate.swift */; };
		B3856F532593D27E00595D36 /* UploadViewController.swift in Sources */ = {isa = PBXBuildFile; fileRef = B3856F4B2593D27D00595D36 /* UploadViewController.swift */; };
		B3856F542593D27E00595D36 /* SettingsViewController.swift in Sources */ = {isa = PBXBuildFile; fileRef = B3856F4C2593D27D00595D36 /* SettingsViewController.swift */; };
		B3856F552593D27E00595D36 /* Base.lproj in Resources */ = {isa = PBXBuildFile; fileRef = B3856F4D2593D27E00595D36 /* Base.lproj */; };
		B3856F562593D27E00595D36 /* ViewController.swift in Sources */ = {isa = PBXBuildFile; fileRef = B3856F4E2593D27E00595D36 /* ViewController.swift */; };
		B3856F572593D27E00595D36 /* FeedCell.swift in Sources */ = {isa = PBXBuildFile; fileRef = B3856F4F2593D27E00595D36 /* FeedCell.swift */; };
		B3856F582593D27E00595D36 /* FeedViewController.swift in Sources */ = {isa = PBXBuildFile; fileRef = B3856F502593D27E00595D36 /* FeedViewController.swift */; };
		B3856F592593D27E00595D36 /* Info.plist in Resources */ = {isa = PBXBuildFile; fileRef = B3856F512593D27E00595D36 /* Info.plist */; };
/* End PBXBuildFile section */

/* Begin PBXContainerItemProxy section */
		B3856F152593D24500595D36 /* PBXContainerItemProxy */ = {
			isa = PBXContainerItemProxy;
			containerPortal = B3856EF82593D24100595D36 /* Project object */;
			proxyType = 1;
			remoteGlobalIDString = B3856F032593D24400595D36;
			remoteInfo = "InstagramClone (iOS)";
		};
		B3856F202593D24500595D36 /* PBXContainerItemProxy */ = {
			isa = PBXContainerItemProxy;
			containerPortal = B3856EF82593D24100595D36 /* Project object */;
			proxyType = 1;
			remoteGlobalIDString = B3856F0B2593D24400595D36;
			remoteInfo = "InstagramClone (macOS)";
		};
/* End PBXContainerItemProxy section */

/* Begin PBXFileReference section */
		B3856EFD2593D24100595D36 /* InstagramCloneApp.swift */ = {isa = PBXFileReference; lastKnownFileType = sourcecode.swift; path = InstagramCloneApp.swift; sourceTree = "<group>"; };
		B3856EFE2593D24100595D36 /* ContentView.swift */ = {isa = PBXFileReference; lastKnownFileType = sourcecode.swift; path = ContentView.swift; sourceTree = "<group>"; };
		B3856EFF2593D24400595D36 /* Assets.xcassets */ = {isa = PBXFileReference; lastKnownFileType = folder.assetcatalog; path = Assets.xcassets; sourceTree = "<group>"; };
		B3856F042593D24400595D36 /* InstagramClone.app */ = {isa = PBXFileReference; explicitFileType = wrapper.application; includeInIndex = 0; path = InstagramClone.app; sourceTree = BUILT_PRODUCTS_DIR; };
		B3856F072593D24400595D36 /* Info.plist */ = {isa = PBXFileReference; lastKnownFileType = text.plist.xml; path = Info.plist; sourceTree = "<group>"; };
		B3856F0C2593D24400595D36 /* InstagramClone.app */ = {isa = PBXFileReference; explicitFileType = wrapper.application; includeInIndex = 0; path = InstagramClone.app; sourceTree = BUILT_PRODUCTS_DIR; };
		B3856F0E2593D24400595D36 /* Info.plist */ = {isa = PBXFileReference; lastKnownFileType = text.plist.xml; path = Info.plist; sourceTree = "<group>"; };
		B3856F0F2593D24400595D36 /* macOS.entitlements */ = {isa = PBXFileReference; lastKnownFileType = text.plist.entitlements; path = macOS.entitlements; sourceTree = "<group>"; };
		B3856F142593D24500595D36 /* Tests iOS.xctest */ = {isa = PBXFileReference; explicitFileType = wrapper.cfbundle; includeInIndex = 0; path = "Tests iOS.xctest"; sourceTree = BUILT_PRODUCTS_DIR; };
		B3856F182593D24500595D36 /* Tests_iOS.swift */ = {isa = PBXFileReference; lastKnownFileType = sourcecode.swift; path = Tests_iOS.swift; sourceTree = "<group>"; };
		B3856F1A2593D24500595D36 /* Info.plist */ = {isa = PBXFileReference; lastKnownFileType = text.plist.xml; path = Info.plist; sourceTree = "<group>"; };
		B3856F1F2593D24500595D36 /* Tests macOS.xctest */ = {isa = PBXFileReference; explicitFileType = wrapper.cfbundle; includeInIndex = 0; path = "Tests macOS.xctest"; sourceTree = BUILT_PRODUCTS_DIR; };
		B3856F232593D24500595D36 /* Tests_macOS.swift */ = {isa = PBXFileReference; lastKnownFileType = sourcecode.swift; path = Tests_macOS.swift; sourceTree = "<group>"; };
		B3856F252593D24500595D36 /* Info.plist */ = {isa = PBXFileReference; lastKnownFileType = text.plist.xml; path = Info.plist; sourceTree = "<group>"; };
		B3856F3E2593D26E00595D36 /* AppDelegate.swift */ = {isa = PBXFileReference; fileEncoding = 4; lastKnownFileType = sourcecode.swift; path = AppDelegate.swift; sourceTree = "<group>"; };
		B3856F442593D27400595D36 /* Assets.xcassets */ = {isa = PBXFileReference; lastKnownFileType = folder.assetcatalog; path = Assets.xcassets; sourceTree = "<group>"; };
		B3856F4A2593D27D00595D36 /* SceneDelegate.swift */ = {isa = PBXFileReference; fileEncoding = 4; lastKnownFileType = sourcecode.swift; path = SceneDelegate.swift; sourceTree = "<group>"; };
		B3856F4B2593D27D00595D36 /* UploadViewController.swift */ = {isa = PBXFileReference; fileEncoding = 4; lastKnownFileType = sourcecode.swift; path = UploadViewController.swift; sourceTree = "<group>"; };
		B3856F4C2593D27D00595D36 /* SettingsViewController.swift */ = {isa = PBXFileReference; fileEncoding = 4; lastKnownFileType = sourcecode.swift; path = SettingsViewController.swift; sourceTree = "<group>"; };
		B3856F4D2593D27E00595D36 /* Base.lproj */ = {isa = PBXFileReference; lastKnownFileType = folder; path = Base.lproj; sourceTree = "<group>"; };
		B3856F4E2593D27E00595D36 /* ViewController.swift */ = {isa = PBXFileReference; fileEncoding = 4; lastKnownFileType = sourcecode.swift; path = ViewController.swift; sourceTree = "<group>"; };
		B3856F4F2593D27E00595D36 /* FeedCell.swift */ = {isa = PBXFileReference; fileEncoding = 4; lastKnownFileType = sourcecode.swift; path = FeedCell.swift; sourceTree = "<group>"; };
		B3856F502593D27E00595D36 /* FeedViewController.swift */ = {isa = PBXFileReference; fileEncoding = 4; lastKnownFileType = sourcecode.swift; path = FeedViewController.swift; sourceTree = "<group>"; };
		B3856F512593D27E00595D36 /* Info.plist */ = {isa = PBXFileReference; fileEncoding = 4; lastKnownFileType = text.plist.xml; path = Info.plist; sourceTree = "<group>"; };
/* End PBXFileReference section */

/* Begin PBXFrameworksBuildPhase section */
		B3856F012593D24400595D36 /* Frameworks */ = {
			isa = PBXFrameworksBuildPhase;
			buildActionMask = 2147483647;
			files = (
			);
			runOnlyForDeploymentPostprocessing = 0;
		};
		B3856F092593D24400595D36 /* Frameworks */ = {
			isa = PBXFrameworksBuildPhase;
			buildActionMask = 2147483647;
			files = (
			);
			runOnlyForDeploymentPostprocessing = 0;
		};
		B3856F112593D24500595D36 /* Frameworks */ = {
			isa = PBXFrameworksBuildPhase;
			buildActionMask = 2147483647;
			files = (
			);
			runOnlyForDeploymentPostprocessing = 0;
		};
		B3856F1C2593D24500595D36 /* Frameworks */ = {
			isa = PBXFrameworksBuildPhase;
			buildActionMask = 2147483647;
			files = (
			);
			runOnlyForDeploymentPostprocessing = 0;
		};
/* End PBXFrameworksBuildPhase section */

/* Begin PBXGroup section */
		B3856EF72593D24100595D36 = {
			isa = PBXGroup;
			children = (
				B3856F3E2593D26E00595D36 /* AppDelegate.swift */,
				B3856F442593D27400595D36 /* Assets.xcassets */,
				B3856F4D2593D27E00595D36 /* Base.lproj */,
				B3856F4F2593D27E00595D36 /* FeedCell.swift */,
				B3856F502593D27E00595D36 /* FeedViewController.swift */,
				B3856F512593D27E00595D36 /* Info.plist */,
				B3856F4A2593D27D00595D36 /* SceneDelegate.swift */,
				B3856F4C2593D27D00595D36 /* SettingsViewController.swift */,
				B3856F4B2593D27D00595D36 /* UploadViewController.swift */,
				B3856F4E2593D27E00595D36 /* ViewController.swift */,
				B3856EFC2593D24100595D36 /* Shared */,
				B3856F062593D24400595D36 /* iOS */,
				B3856F0D2593D24400595D36 /* macOS */,
				B3856F172593D24500595D36 /* Tests iOS */,
				B3856F222593D24500595D36 /* Tests macOS */,
				B3856F052593D24400595D36 /* Products */,
			);
			sourceTree = "<group>";
		};
		B3856EFC2593D24100595D36 /* Shared */ = {
			isa = PBXGroup;
			children = (
				B3856EFD2593D24100595D36 /* InstagramCloneApp.swift */,
				B3856EFE2593D24100595D36 /* ContentView.swift */,
				B3856EFF2593D24400595D36 /* Assets.xcassets */,
			);
			path = Shared;
			sourceTree = "<group>";
		};
		B3856F052593D24400595D36 /* Products */ = {
			isa = PBXGroup;
			children = (
				B3856F042593D24400595D36 /* InstagramClone.app */,
				B3856F0C2593D24400595D36 /* InstagramClone.app */,
				B3856F142593D24500595D36 /* Tests iOS.xctest */,
				B3856F1F2593D24500595D36 /* Tests macOS.xctest */,
			);
			name = Products;
			sourceTree = "<group>";
		};
		B3856F062593D24400595D36 /* iOS */ = {
			isa = PBXGroup;
			children = (
				B3856F072593D24400595D36 /* Info.plist */,
			);
			path = iOS;
			sourceTree = "<group>";
		};
		B3856F0D2593D24400595D36 /* macOS */ = {
			isa = PBXGroup;
			children = (
				B3856F0E2593D24400595D36 /* Info.plist */,
				B3856F0F2593D24400595D36 /* macOS.entitlements */,
			);
			path = macOS;
			sourceTree = "<group>";
		};
		B3856F172593D24500595D36 /* Tests iOS */ = {
			isa = PBXGroup;
			children = (
				B3856F182593D24500595D36 /* Tests_iOS.swift */,
				B3856F1A2593D24500595D36 /* Info.plist */,
			);
			path = "Tests iOS";
			sourceTree = "<group>";
		};
		B3856F222593D24500595D36 /* Tests macOS */ = {
			isa = PBXGroup;
			children = (
				B3856F232593D24500595D36 /* Tests_macOS.swift */,
				B3856F252593D24500595D36 /* Info.plist */,
			);
			path = "Tests macOS";
			sourceTree = "<group>";
		};
/* End PBXGroup section */

/* Begin PBXNativeTarget section */
		B3856F032593D24400595D36 /* InstagramClone (iOS) */ = {
			isa = PBXNativeTarget;
			buildConfigurationList = B3856F2E2593D24500595D36 /* Build configuration list for PBXNativeTarget "InstagramClone (iOS)" */;
			buildPhases = (
				B3856F002593D24400595D36 /* Sources */,
				B3856F012593D24400595D36 /* Frameworks */,
				B3856F022593D24400595D36 /* Resources */,
			);
			buildRules = (
			);
			dependencies = (
			);
			name = "InstagramClone (iOS)";
			productName = "InstagramClone (iOS)";
			productReference = B3856F042593D24400595D36 /* InstagramClone.app */;
			productType = "com.apple.product-type.application";
		};
		B3856F0B2593D24400595D36 /* InstagramClone (macOS) */ = {
			isa = PBXNativeTarget;
			buildConfigurationList = B3856F312593D24500595D36 /* Build configuration list for PBXNativeTarget "InstagramClone (macOS)" */;
			buildPhases = (
				B3856F082593D24400595D36 /* Sources */,
				B3856F092593D24400595D36 /* Frameworks */,
				B3856F0A2593D24400595D36 /* Resources */,
			);
			buildRules = (
			);
			dependencies = (
			);
			name = "InstagramClone (macOS)";
			productName = "InstagramClone (macOS)";
			productReference = B3856F0C2593D24400595D36 /* InstagramClone.app */;
			productType = "com.apple.product-type.application";
		};
		B3856F132593D24500595D36 /* Tests iOS */ = {
			isa = PBXNativeTarget;
			buildConfigurationList = B3856F342593D24500595D36 /* Build configuration list for PBXNativeTarget "Tests iOS" */;
			buildPhases = (
				B3856F102593D24500595D36 /* Sources */,
				B3856F112593D24500595D36 /* Frameworks */,
				B3856F122593D24500595D36 /* Resources */,
			);
			buildRules = (
			);
			dependencies = (
				B3856F162593D24500595D36 /* PBXTargetDependency */,
			);
			name = "Tests iOS";
			productName = "Tests iOS";
			productReference = B3856F142593D24500595D36 /* Tests iOS.xctest */;
			productType = "com.apple.product-type.bundle.ui-testing";
		};
		B3856F1E2593D24500595D36 /* Tests macOS */ = {
			isa = PBXNativeTarget;
			buildConfigurationList = B3856F372593D24500595D36 /* Build configuration list for PBXNativeTarget "Tests macOS" */;
			buildPhases = (
				B3856F1B2593D24500595D36 /* Sources */,
				B3856F1C2593D24500595D36 /* Frameworks */,
				B3856F1D2593D24500595D36 /* Resources */,
			);
			buildRules = (
			);
			dependencies = (
				B3856F212593D24500595D36 /* PBXTargetDependency */,
			);
			name = "Tests macOS";
			productName = "Tests macOS";
			productReference = B3856F1F2593D24500595D36 /* Tests macOS.xctest */;
			productType = "com.apple.product-type.bundle.ui-testing";
		};
/* End PBXNativeTarget section */

/* Begin PBXProject section */
		B3856EF82593D24100595D36 /* Project object */ = {
			isa = PBXProject;
			attributes = {
				LastSwiftUpdateCheck = 1230;
				LastUpgradeCheck = 1230;
				TargetAttributes = {
					B3856F032593D24400595D36 = {
						CreatedOnToolsVersion = 12.3;
					};
					B3856F0B2593D24400595D36 = {
						CreatedOnToolsVersion = 12.3;
					};
					B3856F132593D24500595D36 = {
						CreatedOnToolsVersion = 12.3;
						TestTargetID = B3856F032593D24400595D36;
					};
					B3856F1E2593D24500595D36 = {
						CreatedOnToolsVersion = 12.3;
						TestTargetID = B3856F0B2593D24400595D36;
					};
				};
			};
			buildConfigurationList = B3856EFB2593D24100595D36 /* Build configuration list for PBXProject "InstagramClone" */;
			compatibilityVersion = "Xcode 9.3";
			developmentRegion = en;
			hasScannedForEncodings = 0;
			knownRegions = (
				en,
				Base,
			);
			mainGroup = B3856EF72593D24100595D36;
			productRefGroup = B3856F052593D24400595D36 /* Products */;
			projectDirPath = "";
			projectRoot = "";
			targets = (
				B3856F032593D24400595D36 /* InstagramClone (iOS) */,
				B3856F0B2593D24400595D36 /* InstagramClone (macOS) */,
				B3856F132593D24500595D36 /* Tests iOS */,
				B3856F1E2593D24500595D36 /* Tests macOS */,
			);
		};
/* End PBXProject section */

/* Begin PBXResourcesBuildPhase section */
		B3856F022593D24400595D36 /* Resources */ = {
			isa = PBXResourcesBuildPhase;
			buildActionMask = 2147483647;
			files = (
				B3856F592593D27E00595D36 /* Info.plist in Resources */,
				B3856F452593D27400595D36 /* Assets.xcassets in Resources */,
				B3856F552593D27E00595D36 /* Base.lproj in Resources */,
				B3856F2A2593D24500595D36 /* Assets.xcassets in Resources */,
			);
			runOnlyForDeploymentPostprocessing = 0;
		};
		B3856F0A2593D24400595D36 /* Resources */ = {
			isa = PBXResourcesBuildPhase;
			buildActionMask = 2147483647;
			files = (
				B3856F2B2593D24500595D36 /* Assets.xcassets in Resources */,
			);
			runOnlyForDeploymentPostprocessing = 0;
		};
		B3856F122593D24500595D36 /* Resources */ = {
			isa = PBXResourcesBuildPhase;
			buildActionMask = 2147483647;
			files = (
			);
			runOnlyForDeploymentPostprocessing = 0;
		};
		B3856F1D2593D24500595D36 /* Resources */ = {
			isa = PBXResourcesBuildPhase;
			buildActionMask = 2147483647;
			files = (
			);
			runOnlyForDeploymentPostprocessing = 0;
		};
/* End PBXResourcesBuildPhase section */

/* Begin PBXSourcesBuildPhase section */
		B3856F002593D24400595D36 /* Sources */ = {
			isa = PBXSourcesBuildPhase;
			buildActionMask = 2147483647;
			files = (
				B3856F3F2593D26E00595D36 /* AppDelegate.swift in Sources */,
				B3856F582593D27E00595D36 /* FeedViewController.swift in Sources */,
				B3856F532593D27E00595D36 /* UploadViewController.swift in Sources */,
				B3856F282593D24500595D36 /* ContentView.swift in Sources */,
				B3856F262593D24500595D36 /* InstagramCloneApp.swift in Sources */,
				B3856F562593D27E00595D36 /* ViewController.swift in Sources */,
				B3856F572593D27E00595D36 /* FeedCell.swift in Sources */,
				B3856F522593D27E00595D36 /* SceneDelegate.swift in Sources */,
				B3856F542593D27E00595D36 /* SettingsViewController.swift in Sources */,
			);
			runOnlyForDeploymentPostprocessing = 0;
		};
		B3856F082593D24400595D36 /* Sources */ = {
			isa = PBXSourcesBuildPhase;
			buildActionMask = 2147483647;
			files = (
				B3856F292593D24500595D36 /* ContentView.swift in Sources */,
				B3856F272593D24500595D36 /* InstagramCloneApp.swift in Sources */,
			);
			runOnlyForDeploymentPostprocessing = 0;
		};
		B3856F102593D24500595D36 /* Sources */ = {
			isa = PBXSourcesBuildPhase;
			buildActionMask = 2147483647;
			files = (
				B3856F192593D24500595D36 /* Tests_iOS.swift in Sources */,
			);
			runOnlyForDeploymentPostprocessing = 0;
		};
		B3856F1B2593D24500595D36 /* Sources */ = {
			isa = PBXSourcesBuildPhase;
			buildActionMask = 2147483647;
			files = (
				B3856F242593D24500595D36 /* Tests_macOS.swift in Sources */,
			);
			runOnlyForDeploymentPostprocessing = 0;
		};
/* End PBXSourcesBuildPhase section */

/* Begin PBXTargetDependency section */
		B3856F162593D24500595D36 /* PBXTargetDependency */ = {
			isa = PBXTargetDependency;
			target = B3856F032593D24400595D36 /* InstagramClone (iOS) */;
			targetProxy = B3856F152593D24500595D36 /* PBXContainerItemProxy */;
		};
		B3856F212593D24500595D36 /* PBXTargetDependency */ = {
			isa = PBXTargetDependency;
			target = B3856F0B2593D24400595D36 /* InstagramClone (macOS) */;
			targetProxy = B3856F202593D24500595D36 /* PBXContainerItemProxy */;
		};
/* End PBXTargetDependency section */

/* Begin XCBuildConfiguration section */
		B3856F2C2593D24500595D36 /* Debug */ = {
			isa = XCBuildConfiguration;
			buildSettings = {
				ALWAYS_SEARCH_USER_PATHS = NO;
				CLANG_ANALYZER_NONNULL = YES;
				CLANG_ANALYZER_NUMBER_OBJECT_CONVERSION = YES_AGGRESSIVE;
				CLANG_CXX_LANGUAGE_STANDARD = "gnu++14";
				CLANG_CXX_LIBRARY = "libc++";
				CLANG_ENABLE_MODULES = YES;
				CLANG_ENABLE_OBJC_ARC = YES;
				CLANG_ENABLE_OBJC_WEAK = YES;
				CLANG_WARN_BLOCK_CAPTURE_AUTORELEASING = YES;
				CLANG_WARN_BOOL_CONVERSION = YES;
				CLANG_WARN_COMMA = YES;
				CLANG_WARN_CONSTANT_CONVERSION = YES;
				CLANG_WARN_DEPRECATED_OBJC_IMPLEMENTATIONS = YES;
				CLANG_WARN_DIRECT_OBJC_ISA_USAGE = YES_ERROR;
				CLANG_WARN_DOCUMENTATION_COMMENTS = YES;
				CLANG_WARN_EMPTY_BODY = YES;
				CLANG_WARN_ENUM_CONVERSION = YES;
				CLANG_WARN_INFINITE_RECURSION = YES;
				CLANG_WARN_INT_CONVERSION = YES;
				CLANG_WARN_NON_LITERAL_NULL_CONVERSION = YES;
				CLANG_WARN_OBJC_IMPLICIT_RETAIN_SELF = YES;
				CLANG_WARN_OBJC_LITERAL_CONVERSION = YES;
				CLANG_WARN_OBJC_ROOT_CLASS = YES_ERROR;
				CLANG_WARN_QUOTED_INCLUDE_IN_FRAMEWORK_HEADER = YES;
				CLANG_WARN_RANGE_LOOP_ANALYSIS = YES;
				CLANG_WARN_STRICT_PROTOTYPES = YES;
				CLANG_WARN_SUSPICIOUS_MOVE = YES;
				CLANG_WARN_UNGUARDED_AVAILABILITY = YES_AGGRESSIVE;
				CLANG_WARN_UNREACHABLE_CODE = YES;
				CLANG_WARN__DUPLICATE_METHOD_MATCH = YES;
				COPY_PHASE_STRIP = NO;
				DEBUG_INFORMATION_FORMAT = dwarf;
				ENABLE_STRICT_OBJC_MSGSEND = YES;
				ENABLE_TESTABILITY = YES;
				GCC_C_LANGUAGE_STANDARD = gnu11;
				GCC_DYNAMIC_NO_PIC = NO;
				GCC_NO_COMMON_BLOCKS = YES;
				GCC_OPTIMIZATION_LEVEL = 0;
				GCC_PREPROCESSOR_DEFINITIONS = (
					"DEBUG=1",
					"$(inherited)",
				);
				GCC_WARN_64_TO_32_BIT_CONVERSION = YES;
				GCC_WARN_ABOUT_RETURN_TYPE = YES_ERROR;
				GCC_WARN_UNDECLARED_SELECTOR = YES;
				GCC_WARN_UNINITIALIZED_AUTOS = YES_AGGRESSIVE;
				GCC_WARN_UNUSED_FUNCTION = YES;
				GCC_WARN_UNUSED_VARIABLE = YES;
				MTL_ENABLE_DEBUG_INFO = INCLUDE_SOURCE;
				MTL_FAST_MATH = YES;
				ONLY_ACTIVE_ARCH = YES;
				SWIFT_ACTIVE_COMPILATION_CONDITIONS = DEBUG;
				SWIFT_OPTIMIZATION_LEVEL = "-Onone";
			};
			name = Debug;
		};
		B3856F2D2593D24500595D36 /* Release */ = {
			isa = XCBuildConfiguration;
			buildSettings = {
				ALWAYS_SEARCH_USER_PATHS = NO;
				CLANG_ANALYZER_NONNULL = YES;
				CLANG_ANALYZER_NUMBER_OBJECT_CONVERSION = YES_AGGRESSIVE;
				CLANG_CXX_LANGUAGE_STANDARD = "gnu++14";
				CLANG_CXX_LIBRARY = "libc++";
				CLANG_ENABLE_MODULES = YES;
				CLANG_ENABLE_OBJC_ARC = YES;
				CLANG_ENABLE_OBJC_WEAK = YES;
				CLANG_WARN_BLOCK_CAPTURE_AUTORELEASING = YES;
				CLANG_WARN_BOOL_CONVERSION = YES;
				CLANG_WARN_COMMA = YES;
				CLANG_WARN_CONSTANT_CONVERSION = YES;
				CLANG_WARN_DEPRECATED_OBJC_IMPLEMENTATIONS = YES;
				CLANG_WARN_DIRECT_OBJC_ISA_USAGE = YES_ERROR;
				CLANG_WARN_DOCUMENTATION_COMMENTS = YES;
				CLANG_WARN_EMPTY_BODY = YES;
				CLANG_WARN_ENUM_CONVERSION = YES;
				CLANG_WARN_INFINITE_RECURSION = YES;
				CLANG_WARN_INT_CONVERSION = YES;
				CLANG_WARN_NON_LITERAL_NULL_CONVERSION = YES;
				CLANG_WARN_OBJC_IMPLICIT_RETAIN_SELF = YES;
				CLANG_WARN_OBJC_LITERAL_CONVERSION = YES;
				CLANG_WARN_OBJC_ROOT_CLASS = YES_ERROR;
				CLANG_WARN_QUOTED_INCLUDE_IN_FRAMEWORK_HEADER = YES;
				CLANG_WARN_RANGE_LOOP_ANALYSIS = YES;
				CLANG_WARN_STRICT_PROTOTYPES = YES;
				CLANG_WARN_SUSPICIOUS_MOVE = YES;
				CLANG_WARN_UNGUARDED_AVAILABILITY = YES_AGGRESSIVE;
				CLANG_WARN_UNREACHABLE_CODE = YES;
				CLANG_WARN__DUPLICATE_METHOD_MATCH = YES;
				COPY_PHASE_STRIP = NO;
				DEBUG_INFORMATION_FORMAT = "dwarf-with-dsym";
				ENABLE_NS_ASSERTIONS = NO;
				ENABLE_STRICT_OBJC_MSGSEND = YES;
				GCC_C_LANGUAGE_STANDARD = gnu11;
				GCC_NO_COMMON_BLOCKS = YES;
				GCC_WARN_64_TO_32_BIT_CONVERSION = YES;
				GCC_WARN_ABOUT_RETURN_TYPE = YES_ERROR;
				GCC_WARN_UNDECLARED_SELECTOR = YES;
				GCC_WARN_UNINITIALIZED_AUTOS = YES_AGGRESSIVE;
				GCC_WARN_UNUSED_FUNCTION = YES;
				GCC_WARN_UNUSED_VARIABLE = YES;
				MTL_ENABLE_DEBUG_INFO = NO;
				MTL_FAST_MATH = YES;
				SWIFT_COMPILATION_MODE = wholemodule;
				SWIFT_OPTIMIZATION_LEVEL = "-O";
			};
			name = Release;
		};
		B3856F2F2593D24500595D36 /* Debug */ = {
			isa = XCBuildConfiguration;
			buildSettings = {
				ASSETCATALOG_COMPILER_APPICON_NAME = AppIcon;
				ASSETCATALOG_COMPILER_GLOBAL_ACCENT_COLOR_NAME = AccentColor;
				CODE_SIGN_STYLE = Automatic;
				DEVELOPMENT_TEAM = 3RQG7N49WW;
				ENABLE_PREVIEWS = YES;
				INFOPLIST_FILE = iOS/Info.plist;
				IPHONEOS_DEPLOYMENT_TARGET = 14.0;
				LD_RUNPATH_SEARCH_PATHS = (
					"$(inherited)",
					"@executable_path/Frameworks",
				);
				PRODUCT_BUNDLE_IDENTIFIER = com.melihgkmen.InstagramClone;
				PRODUCT_NAME = InstagramClone;
				SDKROOT = iphoneos;
				SWIFT_VERSION = 5.0;
				TARGETED_DEVICE_FAMILY = "1,2";
			};
			name = Debug;
		};
		B3856F302593D24500595D36 /* Release */ = {
			isa = XCBuildConfiguration;
			buildSettings = {
				ASSETCATALOG_COMPILER_APPICON_NAME = AppIcon;
				ASSETCATALOG_COMPILER_GLOBAL_ACCENT_COLOR_NAME = AccentColor;
				CODE_SIGN_STYLE = Automatic;
				DEVELOPMENT_TEAM = 3RQG7N49WW;
				ENABLE_PREVIEWS = YES;
				INFOPLIST_FILE = iOS/Info.plist;
				IPHONEOS_DEPLOYMENT_TARGET = 14.0;
				LD_RUNPATH_SEARCH_PATHS = (
					"$(inherited)",
					"@executable_path/Frameworks",
				);
				PRODUCT_BUNDLE_IDENTIFIER = com.melihgkmen.InstagramClone;
				PRODUCT_NAME = InstagramClone;
				SDKROOT = iphoneos;
				SWIFT_VERSION = 5.0;
				TARGETED_DEVICE_FAMILY = "1,2";
				VALIDATE_PRODUCT = YES;
			};
			name = Release;
		};
		B3856F322593D24500595D36 /* Debug */ = {
			isa = XCBuildConfiguration;
			buildSettings = {
				ASSETCATALOG_COMPILER_APPICON_NAME = AppIcon;
				ASSETCATALOG_COMPILER_GLOBAL_ACCENT_COLOR_NAME = AccentColor;
				CODE_SIGN_ENTITLEMENTS = macOS/macOS.entitlements;
				CODE_SIGN_STYLE = Automatic;
				COMBINE_HIDPI_IMAGES = YES;
				DEVELOPMENT_TEAM = 3RQG7N49WW;
				ENABLE_HARDENED_RUNTIME = YES;
				ENABLE_PREVIEWS = YES;
				INFOPLIST_FILE = macOS/Info.plist;
				LD_RUNPATH_SEARCH_PATHS = (
					"$(inherited)",
					"@executable_path/../Frameworks",
				);
				MACOSX_DEPLOYMENT_TARGET = 11.0;
				PRODUCT_BUNDLE_IDENTIFIER = com.melihgkmen.InstagramClone;
				PRODUCT_NAME = InstagramClone;
				SDKROOT = macosx;
				SWIFT_VERSION = 5.0;
			};
			name = Debug;
		};
		B3856F332593D24500595D36 /* Release */ = {
			isa = XCBuildConfiguration;
			buildSettings = {
				ASSETCATALOG_COMPILER_APPICON_NAME = AppIcon;
				ASSETCATALOG_COMPILER_GLOBAL_ACCENT_COLOR_NAME = AccentColor;
				CODE_SIGN_ENTITLEMENTS = macOS/macOS.entitlements;
				CODE_SIGN_STYLE = Automatic;
				COMBINE_HIDPI_IMAGES = YES;
				DEVELOPMENT_TEAM = 3RQG7N49WW;
				ENABLE_HARDENED_RUNTIME = YES;
				ENABLE_PREVIEWS = YES;
				INFOPLIST_FILE = macOS/Info.plist;
				LD_RUNPATH_SEARCH_PATHS = (
					"$(inherited)",
					"@executable_path/../Frameworks",
				);
				MACOSX_DEPLOYMENT_TARGET = 11.0;
				PRODUCT_BUNDLE_IDENTIFIER = com.melihgkmen.InstagramClone;
				PRODUCT_NAME = InstagramClone;
				SDKROOT = macosx;
				SWIFT_VERSION = 5.0;
			};
			name = Release;
		};
		B3856F352593D24500595D36 /* Debug */ = {
			isa = XCBuildConfiguration;
			buildSettings = {
				ALWAYS_EMBED_SWIFT_STANDARD_LIBRARIES = YES;
				CODE_SIGN_STYLE = Automatic;
				DEVELOPMENT_TEAM = 3RQG7N49WW;
				INFOPLIST_FILE = "Tests iOS/Info.plist";
				IPHONEOS_DEPLOYMENT_TARGET = 14.3;
				LD_RUNPATH_SEARCH_PATHS = (
					"$(inherited)",
					"@executable_path/Frameworks",
					"@loader_path/Frameworks",
				);
				PRODUCT_BUNDLE_IDENTIFIER = "com.melihgkmen.Tests-iOS";
				PRODUCT_NAME = "$(TARGET_NAME)";
				SDKROOT = iphoneos;
				SWIFT_VERSION = 5.0;
				TARGETED_DEVICE_FAMILY = "1,2";
				TEST_TARGET_NAME = "InstagramClone (iOS)";
			};
			name = Debug;
		};
		B3856F362593D24500595D36 /* Release */ = {
			isa = XCBuildConfiguration;
			buildSettings = {
				ALWAYS_EMBED_SWIFT_STANDARD_LIBRARIES = YES;
				CODE_SIGN_STYLE = Automatic;
				DEVELOPMENT_TEAM = 3RQG7N49WW;
				INFOPLIST_FILE = "Tests iOS/Info.plist";
				IPHONEOS_DEPLOYMENT_TARGET = 14.3;
				LD_RUNPATH_SEARCH_PATHS = (
					"$(inherited)",
					"@executable_path/Frameworks",
					"@loader_path/Frameworks",
				);
				PRODUCT_BUNDLE_IDENTIFIER = "com.melihgkmen.Tests-iOS";
				PRODUCT_NAME = "$(TARGET_NAME)";
				SDKROOT = iphoneos;
				SWIFT_VERSION = 5.0;
				TARGETED_DEVICE_FAMILY = "1,2";
				TEST_TARGET_NAME = "InstagramClone (iOS)";
				VALIDATE_PRODUCT = YES;
			};
			name = Release;
		};
		B3856F382593D24500595D36 /* Debug */ = {
			isa = XCBuildConfiguration;
			buildSettings = {
				ALWAYS_EMBED_SWIFT_STANDARD_LIBRARIES = YES;
				CODE_SIGN_STYLE = Automatic;
				COMBINE_HIDPI_IMAGES = YES;
				DEVELOPMENT_TEAM = 3RQG7N49WW;
				INFOPLIST_FILE = "Tests macOS/Info.plist";
				LD_RUNPATH_SEARCH_PATHS = (
					"$(inherited)",
					"@executable_path/../Frameworks",
					"@loader_path/../Frameworks",
				);
				MACOSX_DEPLOYMENT_TARGET = 11.1;
				PRODUCT_BUNDLE_IDENTIFIER = "com.melihgkmen.Tests-macOS";
				PRODUCT_NAME = "$(TARGET_NAME)";
				SDKROOT = macosx;
				SWIFT_VERSION = 5.0;
				TEST_TARGET_NAME = "InstagramClone (macOS)";
			};
			name = Debug;
		};
		B3856F392593D24500595D36 /* Release */ = {
			isa = XCBuildConfiguration;
			buildSettings = {
				ALWAYS_EMBED_SWIFT_STANDARD_LIBRARIES = YES;
				CODE_SIGN_STYLE = Automatic;
				COMBINE_HIDPI_IMAGES = YES;
				DEVELOPMENT_TEAM = 3RQG7N49WW;
				INFOPLIST_FILE = "Tests macOS/Info.plist";
				LD_RUNPATH_SEARCH_PATHS = (
					"$(inherited)",
					"@executable_path/../Frameworks",
					"@loader_path/../Frameworks",
				);
				MACOSX_DEPLOYMENT_TARGET = 11.1;
				PRODUCT_BUNDLE_IDENTIFIER = "com.melihgkmen.Tests-macOS";
				PRODUCT_NAME = "$(TARGET_NAME)";
				SDKROOT = macosx;
				SWIFT_VERSION = 5.0;
				TEST_TARGET_NAME = "InstagramClone (macOS)";
			};
			name = Release;
		};
/* End XCBuildConfiguration section */

/* Begin XCConfigurationList section */
		B3856EFB2593D24100595D36 /* Build configuration list for PBXProject "InstagramClone" */ = {
			isa = XCConfigurationList;
			buildConfigurations = (
				B3856F2C2593D24500595D36 /* Debug */,
				B3856F2D2593D24500595D36 /* Release */,
			);
			defaultConfigurationIsVisible = 0;
			defaultConfigurationName = Release;
		};
		B3856F2E2593D24500595D36 /* Build configuration list for PBXNativeTarget "InstagramClone (iOS)" */ = {
			isa = XCConfigurationList;
			buildConfigurations = (
				B3856F2F2593D24500595D36 /* Debug */,
				B3856F302593D24500595D36 /* Release */,
			);
			defaultConfigurationIsVisible = 0;
			defaultConfigurationName = Release;
		};
		B3856F312593D24500595D36 /* Build configuration list for PBXNativeTarget "InstagramClone (macOS)" */ = {
			isa = XCConfigurationList;
			buildConfigurations = (
				B3856F322593D24500595D36 /* Debug */,
				B3856F332593D24500595D36 /* Release */,
			);
			defaultConfigurationIsVisible = 0;
			defaultConfigurationName = Release;
		};
		B3856F342593D24500595D36 /* Build configuration list for PBXNativeTarget "Tests iOS" */ = {
			isa = XCConfigurationList;
			buildConfigurations = (
				B3856F352593D24500595D36 /* Debug */,
				B3856F362593D24500595D36 /* Release */,
			);
			defaultConfigurationIsVisible = 0;
			defaultConfigurationName = Release;
		};
		B3856F372593D24500595D36 /* Build configuration list for PBXNativeTarget "Tests macOS" */ = {
			isa = XCConfigurationList;
			buildConfigurations = (
				B3856F382593D24500595D36 /* Debug */,
				B3856F392593D24500595D36 /* Release */,
			);
			defaultConfigurationIsVisible = 0;
			defaultConfigurationName = Release;
		};
/* End XCConfigurationList section */
	};
	rootObject = B3856EF82593D24100595D36 /* Project object */;
}
